// !$*UTF8*$!
{
	archiveVersion = 1;
	classes = {
	};
	objectVersion = 46;
	objects = {

/* Begin PBXBuildFile section */
		842555FF1EAA945800C2928D /* CustomerViewController.swift in Sources */ = {isa = PBXBuildFile; fileRef = 842555FE1EAA945800C2928D /* CustomerViewController.swift */; };
		842556011EAA955900C2928D /* CustomerNavigationMenu.swift in Sources */ = {isa = PBXBuildFile; fileRef = 842556001EAA955900C2928D /* CustomerNavigationMenu.swift */; };
		842556051EAABA9500C2928D /* LGHorizontalLinearFlowLayout.swift in Sources */ = {isa = PBXBuildFile; fileRef = 842556041EAABA9500C2928D /* LGHorizontalLinearFlowLayout.swift */; };
		843513B61EA9C6D700887FB0 /* ProviderViewController.swift in Sources */ = {isa = PBXBuildFile; fileRef = 843513B51EA9C6D700887FB0 /* ProviderViewController.swift */; };
		843513B81EA9CA5700887FB0 /* AvailabilityViewController.swift in Sources */ = {isa = PBXBuildFile; fileRef = 843513B71EA9CA5700887FB0 /* AvailabilityViewController.swift */; };
		843513BA1EA9CA7200887FB0 /* CategoryViewController.swift in Sources */ = {isa = PBXBuildFile; fileRef = 843513B91EA9CA7200887FB0 /* CategoryViewController.swift */; };
		843513BC1EA9CA8900887FB0 /* ProgressViewController.swift in Sources */ = {isa = PBXBuildFile; fileRef = 843513BB1EA9CA8900887FB0 /* ProgressViewController.swift */; };
		843513BE1EA9CA9B00887FB0 /* PastViewController.swift in Sources */ = {isa = PBXBuildFile; fileRef = 843513BD1EA9CA9B00887FB0 /* PastViewController.swift */; };
		843513C01EA9CAA700887FB0 /* RequestViewController.swift in Sources */ = {isa = PBXBuildFile; fileRef = 843513BF1EA9CAA700887FB0 /* RequestViewController.swift */; };
		845A47891EABE5E2007CE554 /* JobViewController.swift in Sources */ = {isa = PBXBuildFile; fileRef = 845A47881EABE5E2007CE554 /* JobViewController.swift */; };
		845A478B1EABE8CC007CE554 /* LiveJobItem.swift in Sources */ = {isa = PBXBuildFile; fileRef = 845A478A1EABE8CC007CE554 /* LiveJobItem.swift */; };
		845A478D1EAC420A007CE554 /* RatingControl.swift in Sources */ = {isa = PBXBuildFile; fileRef = 845A478C1EAC420A007CE554 /* RatingControl.swift */; };
		845A478F1EAC441B007CE554 /* RatingViewController.swift in Sources */ = {isa = PBXBuildFile; fileRef = 845A478E1EAC441B007CE554 /* RatingViewController.swift */; };
		845CFEAA1EA3F99E00DC0A50 /* AppDelegate.swift in Sources */ = {isa = PBXBuildFile; fileRef = 845CFEA91EA3F99E00DC0A50 /* AppDelegate.swift */; };
		845CFEAC1EA3F99E00DC0A50 /* ViewController.swift in Sources */ = {isa = PBXBuildFile; fileRef = 845CFEAB1EA3F99E00DC0A50 /* ViewController.swift */; };
		845CFEAF1EA3F99E00DC0A50 /* Main.storyboard in Resources */ = {isa = PBXBuildFile; fileRef = 845CFEAD1EA3F99E00DC0A50 /* Main.storyboard */; };
		845CFEB21EA3F99E00DC0A50 /* ORBT.xcdatamodeld in Sources */ = {isa = PBXBuildFile; fileRef = 845CFEB01EA3F99E00DC0A50 /* ORBT.xcdatamodeld */; };
		845CFEB41EA3F99E00DC0A50 /* Assets.xcassets in Resources */ = {isa = PBXBuildFile; fileRef = 845CFEB31EA3F99E00DC0A50 /* Assets.xcassets */; };
		845CFEB71EA3F99E00DC0A50 /* LaunchScreen.storyboard in Resources */ = {isa = PBXBuildFile; fileRef = 845CFEB51EA3F99E00DC0A50 /* LaunchScreen.storyboard */; };
		845CFEC21EA3F99E00DC0A50 /* ORBTTests.swift in Sources */ = {isa = PBXBuildFile; fileRef = 845CFEC11EA3F99E00DC0A50 /* ORBTTests.swift */; };
		845CFECD1EA3F99E00DC0A50 /* ORBTUITests.swift in Sources */ = {isa = PBXBuildFile; fileRef = 845CFECC1EA3F99E00DC0A50 /* ORBTUITests.swift */; };
		845CFEDC1EA4123D00DC0A50 /* LandingViewController.swift in Sources */ = {isa = PBXBuildFile; fileRef = 845CFEDB1EA4123D00DC0A50 /* LandingViewController.swift */; };
		848A3D531EA6577B00007547 /* NewRequestViewController.swift in Sources */ = {isa = PBXBuildFile; fileRef = 848A3D521EA6577B00007547 /* NewRequestViewController.swift */; };
		849728E51EA9F721005F626B /* ServiceItem.swift in Sources */ = {isa = PBXBuildFile; fileRef = 849728E41EA9F721005F626B /* ServiceItem.swift */; };
		84A4B5501EAB26EA00BB12F9 /* SelectProviderViewController.swift in Sources */ = {isa = PBXBuildFile; fileRef = 84A4B54F1EAB26EA00BB12F9 /* SelectProviderViewController.swift */; };
		84A4B5521EAB281600BB12F9 /* ProviderItem.swift in Sources */ = {isa = PBXBuildFile; fileRef = 84A4B5511EAB281600BB12F9 /* ProviderItem.swift */; };
		84DA7CF11EA572C200938EA9 /* ConnectionManager.swift in Sources */ = {isa = PBXBuildFile; fileRef = 84DA7CF01EA572C200938EA9 /* ConnectionManager.swift */; };
		84E2C8791EA9901A00532646 /* NavigationMenuViewController.swift in Sources */ = {isa = PBXBuildFile; fileRef = 84E2C8771EA9901A00532646 /* NavigationMenuViewController.swift */; };
		84F895241EA58475006D8B57 /* CustomerSignUpVC.swift in Sources */ = {isa = PBXBuildFile; fileRef = 84F895231EA58475006D8B57 /* CustomerSignUpVC.swift */; };
		AF59F84A547739F86CDA9BFB /* Pods_ORBT.framework in Frameworks */ = {isa = PBXBuildFile; fileRef = 213E178079BFFEF6C0E88518 /* Pods_ORBT.framework */; };
/* End PBXBuildFile section */

/* Begin PBXContainerItemProxy section */
		845CFEBE1EA3F99E00DC0A50 /* PBXContainerItemProxy */ = {
			isa = PBXContainerItemProxy;
			containerPortal = 845CFE9E1EA3F99E00DC0A50 /* Project object */;
			proxyType = 1;
			remoteGlobalIDString = 845CFEA51EA3F99E00DC0A50;
			remoteInfo = ORBT;
		};
		845CFEC91EA3F99E00DC0A50 /* PBXContainerItemProxy */ = {
			isa = PBXContainerItemProxy;
			containerPortal = 845CFE9E1EA3F99E00DC0A50 /* Project object */;
			proxyType = 1;
			remoteGlobalIDString = 845CFEA51EA3F99E00DC0A50;
			remoteInfo = ORBT;
		};
/* End PBXContainerItemProxy section */

/* Begin PBXFileReference section */
		115F024A826FE43EB5E4A37A /* Pods-ORBT.release.xcconfig */ = {isa = PBXFileReference; includeInIndex = 1; lastKnownFileType = text.xcconfig; name = "Pods-ORBT.release.xcconfig"; path = "Pods/Target Support Files/Pods-ORBT/Pods-ORBT.release.xcconfig"; sourceTree = "<group>"; };
		213E178079BFFEF6C0E88518 /* Pods_ORBT.framework */ = {isa = PBXFileReference; explicitFileType = wrapper.framework; includeInIndex = 0; path = Pods_ORBT.framework; sourceTree = BUILT_PRODUCTS_DIR; };
		842555FE1EAA945800C2928D /* CustomerViewController.swift */ = {isa = PBXFileReference; fileEncoding = 4; lastKnownFileType = sourcecode.swift; path = CustomerViewController.swift; sourceTree = "<group>"; };
		842556001EAA955900C2928D /* CustomerNavigationMenu.swift */ = {isa = PBXFileReference; fileEncoding = 4; lastKnownFileType = sourcecode.swift; path = CustomerNavigationMenu.swift; sourceTree = "<group>"; };
		842556041EAABA9500C2928D /* LGHorizontalLinearFlowLayout.swift */ = {isa = PBXFileReference; fileEncoding = 4; lastKnownFileType = sourcecode.swift; path = LGHorizontalLinearFlowLayout.swift; sourceTree = "<group>"; };
		843513B51EA9C6D700887FB0 /* ProviderViewController.swift */ = {isa = PBXFileReference; fileEncoding = 4; lastKnownFileType = sourcecode.swift; path = ProviderViewController.swift; sourceTree = "<group>"; };
		843513B71EA9CA5700887FB0 /* AvailabilityViewController.swift */ = {isa = PBXFileReference; fileEncoding = 4; lastKnownFileType = sourcecode.swift; path = AvailabilityViewController.swift; sourceTree = "<group>"; };
		843513B91EA9CA7200887FB0 /* CategoryViewController.swift */ = {isa = PBXFileReference; fileEncoding = 4; lastKnownFileType = sourcecode.swift; path = CategoryViewController.swift; sourceTree = "<group>"; };
		843513BB1EA9CA8900887FB0 /* ProgressViewController.swift */ = {isa = PBXFileReference; fileEncoding = 4; lastKnownFileType = sourcecode.swift; path = ProgressViewController.swift; sourceTree = "<group>"; };
		843513BD1EA9CA9B00887FB0 /* PastViewController.swift */ = {isa = PBXFileReference; fileEncoding = 4; lastKnownFileType = sourcecode.swift; path = PastViewController.swift; sourceTree = "<group>"; };
		843513BF1EA9CAA700887FB0 /* RequestViewController.swift */ = {isa = PBXFileReference; fileEncoding = 4; lastKnownFileType = sourcecode.swift; path = RequestViewController.swift; sourceTree = "<group>"; };
		845A47881EABE5E2007CE554 /* JobViewController.swift */ = {isa = PBXFileReference; fileEncoding = 4; lastKnownFileType = sourcecode.swift; path = JobViewController.swift; sourceTree = "<group>"; };
		845A478A1EABE8CC007CE554 /* LiveJobItem.swift */ = {isa = PBXFileReference; fileEncoding = 4; lastKnownFileType = sourcecode.swift; path = LiveJobItem.swift; sourceTree = "<group>"; };
		845A478C1EAC420A007CE554 /* RatingControl.swift */ = {isa = PBXFileReference; fileEncoding = 4; lastKnownFileType = sourcecode.swift; path = RatingControl.swift; sourceTree = "<group>"; };
		845A478E1EAC441B007CE554 /* RatingViewController.swift */ = {isa = PBXFileReference; fileEncoding = 4; lastKnownFileType = sourcecode.swift; path = RatingViewController.swift; sourceTree = "<group>"; };
		845CFEA61EA3F99E00DC0A50 /* ORBT.app */ = {isa = PBXFileReference; explicitFileType = wrapper.application; includeInIndex = 0; path = ORBT.app; sourceTree = BUILT_PRODUCTS_DIR; };
		845CFEA91EA3F99E00DC0A50 /* AppDelegate.swift */ = {isa = PBXFileReference; lastKnownFileType = sourcecode.swift; path = AppDelegate.swift; sourceTree = "<group>"; };
		845CFEAB1EA3F99E00DC0A50 /* ViewController.swift */ = {isa = PBXFileReference; lastKnownFileType = sourcecode.swift; path = ViewController.swift; sourceTree = "<group>"; };
		845CFEAE1EA3F99E00DC0A50 /* Base */ = {isa = PBXFileReference; lastKnownFileType = file.storyboard; name = Base; path = Base.lproj/Main.storyboard; sourceTree = "<group>"; };
		845CFEB11EA3F99E00DC0A50 /* ORBT.xcdatamodel */ = {isa = PBXFileReference; lastKnownFileType = wrapper.xcdatamodel; path = ORBT.xcdatamodel; sourceTree = "<group>"; };
		845CFEB31EA3F99E00DC0A50 /* Assets.xcassets */ = {isa = PBXFileReference; lastKnownFileType = folder.assetcatalog; path = Assets.xcassets; sourceTree = "<group>"; };
		845CFEB61EA3F99E00DC0A50 /* Base */ = {isa = PBXFileReference; lastKnownFileType = file.storyboard; name = Base; path = Base.lproj/LaunchScreen.storyboard; sourceTree = "<group>"; };
		845CFEB81EA3F99E00DC0A50 /* Info.plist */ = {isa = PBXFileReference; lastKnownFileType = text.plist.xml; path = Info.plist; sourceTree = "<group>"; };
		845CFEBD1EA3F99E00DC0A50 /* ORBTTests.xctest */ = {isa = PBXFileReference; explicitFileType = wrapper.cfbundle; includeInIndex = 0; path = ORBTTests.xctest; sourceTree = BUILT_PRODUCTS_DIR; };
		845CFEC11EA3F99E00DC0A50 /* ORBTTests.swift */ = {isa = PBXFileReference; lastKnownFileType = sourcecode.swift; path = ORBTTests.swift; sourceTree = "<group>"; };
		845CFEC31EA3F99E00DC0A50 /* Info.plist */ = {isa = PBXFileReference; lastKnownFileType = text.plist.xml; path = Info.plist; sourceTree = "<group>"; };
		845CFEC81EA3F99E00DC0A50 /* ORBTUITests.xctest */ = {isa = PBXFileReference; explicitFileType = wrapper.cfbundle; includeInIndex = 0; path = ORBTUITests.xctest; sourceTree = BUILT_PRODUCTS_DIR; };
		845CFECC1EA3F99E00DC0A50 /* ORBTUITests.swift */ = {isa = PBXFileReference; lastKnownFileType = sourcecode.swift; path = ORBTUITests.swift; sourceTree = "<group>"; };
		845CFECE1EA3F99E00DC0A50 /* Info.plist */ = {isa = PBXFileReference; lastKnownFileType = text.plist.xml; path = Info.plist; sourceTree = "<group>"; };
		845CFEDB1EA4123D00DC0A50 /* LandingViewController.swift */ = {isa = PBXFileReference; fileEncoding = 4; lastKnownFileType = sourcecode.swift; path = LandingViewController.swift; sourceTree = "<group>"; };
		848A3D521EA6577B00007547 /* NewRequestViewController.swift */ = {isa = PBXFileReference; fileEncoding = 4; lastKnownFileType = sourcecode.swift; path = NewRequestViewController.swift; sourceTree = "<group>"; };
		849728E41EA9F721005F626B /* ServiceItem.swift */ = {isa = PBXFileReference; fileEncoding = 4; lastKnownFileType = sourcecode.swift; path = ServiceItem.swift; sourceTree = "<group>"; };
		84A4B54F1EAB26EA00BB12F9 /* SelectProviderViewController.swift */ = {isa = PBXFileReference; fileEncoding = 4; lastKnownFileType = sourcecode.swift; path = SelectProviderViewController.swift; sourceTree = "<group>"; };
		84A4B5511EAB281600BB12F9 /* ProviderItem.swift */ = {isa = PBXFileReference; fileEncoding = 4; lastKnownFileType = sourcecode.swift; path = ProviderItem.swift; sourceTree = "<group>"; };
		84DA7CF01EA572C200938EA9 /* ConnectionManager.swift */ = {isa = PBXFileReference; fileEncoding = 4; lastKnownFileType = sourcecode.swift; path = ConnectionManager.swift; sourceTree = "<group>"; };
		84E2C8771EA9901A00532646 /* NavigationMenuViewController.swift */ = {isa = PBXFileReference; fileEncoding = 4; lastKnownFileType = sourcecode.swift; path = NavigationMenuViewController.swift; sourceTree = "<group>"; };
		84F895231EA58475006D8B57 /* CustomerSignUpVC.swift */ = {isa = PBXFileReference; fileEncoding = 4; lastKnownFileType = sourcecode.swift; path = CustomerSignUpVC.swift; sourceTree = "<group>"; };
		EB3F55D19BC63EA16416568D /* Pods-ORBT.debug.xcconfig */ = {isa = PBXFileReference; includeInIndex = 1; lastKnownFileType = text.xcconfig; name = "Pods-ORBT.debug.xcconfig"; path = "Pods/Target Support Files/Pods-ORBT/Pods-ORBT.debug.xcconfig"; sourceTree = "<group>"; };
/* End PBXFileReference section */

/* Begin PBXFrameworksBuildPhase section */
		845CFEA31EA3F99E00DC0A50 /* Frameworks */ = {
			isa = PBXFrameworksBuildPhase;
			buildActionMask = 2147483647;
			files = (
				AF59F84A547739F86CDA9BFB /* Pods_ORBT.framework in Frameworks */,
			);
			runOnlyForDeploymentPostprocessing = 0;
		};
		845CFEBA1EA3F99E00DC0A50 /* Frameworks */ = {
			isa = PBXFrameworksBuildPhase;
			buildActionMask = 2147483647;
			files = (
			);
			runOnlyForDeploymentPostprocessing = 0;
		};
		845CFEC51EA3F99E00DC0A50 /* Frameworks */ = {
			isa = PBXFrameworksBuildPhase;
			buildActionMask = 2147483647;
			files = (
			);
			runOnlyForDeploymentPostprocessing = 0;
		};
/* End PBXFrameworksBuildPhase section */

/* Begin PBXGroup section */
		842556021EAA962300C2928D /* ViewControllers */ = {
			isa = PBXGroup;
			children = (
				842556001EAA955900C2928D /* CustomerNavigationMenu.swift */,
				842555FE1EAA945800C2928D /* CustomerViewController.swift */,
			);
			name = ViewControllers;
			sourceTree = "<group>";
		};
		842556031EAA966A00C2928D /* Screens */ = {
			isa = PBXGroup;
			children = (
				848A3D521EA6577B00007547 /* NewRequestViewController.swift */,
				84A4B54F1EAB26EA00BB12F9 /* SelectProviderViewController.swift */,
				84A4B5511EAB281600BB12F9 /* ProviderItem.swift */,
			);
			name = Screens;
			sourceTree = "<group>";
		};
		843513B21EA9C5D200887FB0 /* Provider */ = {
			isa = PBXGroup;
			children = (
				843513B41EA9C5EA00887FB0 /* ViewControllers */,
				84E2C8711EA98FA000532646 /* MenuContentScreens */,
			);
			name = Provider;
			sourceTree = "<group>";
		};
		843513B31EA9C5D900887FB0 /* Customer */ = {
			isa = PBXGroup;
			children = (
				842556041EAABA9500C2928D /* LGHorizontalLinearFlowLayout.swift */,
				842556031EAA966A00C2928D /* Screens */,
				842556021EAA962300C2928D /* ViewControllers */,
			);
			name = Customer;
			sourceTree = "<group>";
		};
		843513B41EA9C5EA00887FB0 /* ViewControllers */ = {
			isa = PBXGroup;
			children = (
				843513B51EA9C6D700887FB0 /* ProviderViewController.swift */,
				84E2C8771EA9901A00532646 /* NavigationMenuViewController.swift */,
			);
			name = ViewControllers;
			sourceTree = "<group>";
		};
		845CFE9D1EA3F99E00DC0A50 = {
			isa = PBXGroup;
			children = (
				845CFEA81EA3F99E00DC0A50 /* ORBT */,
				845CFEC01EA3F99E00DC0A50 /* ORBTTests */,
				845CFECB1EA3F99E00DC0A50 /* ORBTUITests */,
				845CFEA71EA3F99E00DC0A50 /* Products */,
				FC2F88F553DDBC63B40ADDE3 /* Pods */,
				D272C686E0C9DF056FD4CE0D /* Frameworks */,
			);
			sourceTree = "<group>";
		};
		845CFEA71EA3F99E00DC0A50 /* Products */ = {
			isa = PBXGroup;
			children = (
				845CFEA61EA3F99E00DC0A50 /* ORBT.app */,
				845CFEBD1EA3F99E00DC0A50 /* ORBTTests.xctest */,
				845CFEC81EA3F99E00DC0A50 /* ORBTUITests.xctest */,
			);
			name = Products;
			sourceTree = "<group>";
		};
		845CFEA81EA3F99E00DC0A50 /* ORBT */ = {
			isa = PBXGroup;
			children = (
				843513B31EA9C5D900887FB0 /* Customer */,
				843513B21EA9C5D200887FB0 /* Provider */,
				845CFEDA1EA411E000DC0A50 /* ViewControllers */,
				845CFEA91EA3F99E00DC0A50 /* AppDelegate.swift */,
				845A478C1EAC420A007CE554 /* RatingControl.swift */,
				845CFEAB1EA3F99E00DC0A50 /* ViewController.swift */,
				845CFEAD1EA3F99E00DC0A50 /* Main.storyboard */,
				845CFEB31EA3F99E00DC0A50 /* Assets.xcassets */,
				845CFEB51EA3F99E00DC0A50 /* LaunchScreen.storyboard */,
				845CFEB81EA3F99E00DC0A50 /* Info.plist */,
				845CFEB01EA3F99E00DC0A50 /* ORBT.xcdatamodeld */,
			);
			path = ORBT;
			sourceTree = "<group>";
		};
		845CFEC01EA3F99E00DC0A50 /* ORBTTests */ = {
			isa = PBXGroup;
			children = (
				845CFEC11EA3F99E00DC0A50 /* ORBTTests.swift */,
				845CFEC31EA3F99E00DC0A50 /* Info.plist */,
			);
			path = ORBTTests;
			sourceTree = "<group>";
		};
		845CFECB1EA3F99E00DC0A50 /* ORBTUITests */ = {
			isa = PBXGroup;
			children = (
				845CFECC1EA3F99E00DC0A50 /* ORBTUITests.swift */,
				845CFECE1EA3F99E00DC0A50 /* Info.plist */,
			);
			path = ORBTUITests;
			sourceTree = "<group>";
		};
		845CFEDA1EA411E000DC0A50 /* ViewControllers */ = {
			isa = PBXGroup;
			children = (
				84DA7CF01EA572C200938EA9 /* ConnectionManager.swift */,
				845CFEDB1EA4123D00DC0A50 /* LandingViewController.swift */,
				84F895231EA58475006D8B57 /* CustomerSignUpVC.swift */,
				845A47881EABE5E2007CE554 /* JobViewController.swift */,
				845A478A1EABE8CC007CE554 /* LiveJobItem.swift */,
				845A478E1EAC441B007CE554 /* RatingViewController.swift */,
			);
			name = ViewControllers;
			sourceTree = "<group>";
		};
		84E2C8711EA98FA000532646 /* MenuContentScreens */ = {
			isa = PBXGroup;
			children = (
				843513B71EA9CA5700887FB0 /* AvailabilityViewController.swift */,
				843513B91EA9CA7200887FB0 /* CategoryViewController.swift */,
				843513BB1EA9CA8900887FB0 /* ProgressViewController.swift */,
				843513BD1EA9CA9B00887FB0 /* PastViewController.swift */,
				843513BF1EA9CAA700887FB0 /* RequestViewController.swift */,
				849728E41EA9F721005F626B /* ServiceItem.swift */,
			);
			name = MenuContentScreens;
			sourceTree = "<group>";
		};
		D272C686E0C9DF056FD4CE0D /* Frameworks */ = {
			isa = PBXGroup;
			children = (
				213E178079BFFEF6C0E88518 /* Pods_ORBT.framework */,
			);
			name = Frameworks;
			sourceTree = "<group>";
		};
		FC2F88F553DDBC63B40ADDE3 /* Pods */ = {
			isa = PBXGroup;
			children = (
				EB3F55D19BC63EA16416568D /* Pods-ORBT.debug.xcconfig */,
				115F024A826FE43EB5E4A37A /* Pods-ORBT.release.xcconfig */,
			);
			name = Pods;
			sourceTree = "<group>";
		};
/* End PBXGroup section */

/* Begin PBXNativeTarget section */
		845CFEA51EA3F99E00DC0A50 /* ORBT */ = {
			isa = PBXNativeTarget;
			buildConfigurationList = 845CFED11EA3F99E00DC0A50 /* Build configuration list for PBXNativeTarget "ORBT" */;
			buildPhases = (
				5B5A86C9086474D1760F9D25 /* [CP] Check Pods Manifest.lock */,
				845CFEA21EA3F99E00DC0A50 /* Sources */,
				845CFEA31EA3F99E00DC0A50 /* Frameworks */,
				845CFEA41EA3F99E00DC0A50 /* Resources */,
				513A0FBF1836645A65113155 /* [CP] Embed Pods Frameworks */,
				B9FB6EA631B6CFE1B7DE2FB1 /* [CP] Copy Pods Resources */,
			);
			buildRules = (
			);
			dependencies = (
			);
			name = ORBT;
			productName = ORBT;
			productReference = 845CFEA61EA3F99E00DC0A50 /* ORBT.app */;
			productType = "com.apple.product-type.application";
		};
		845CFEBC1EA3F99E00DC0A50 /* ORBTTests */ = {
			isa = PBXNativeTarget;
			buildConfigurationList = 845CFED41EA3F99E00DC0A50 /* Build configuration list for PBXNativeTarget "ORBTTests" */;
			buildPhases = (
				845CFEB91EA3F99E00DC0A50 /* Sources */,
				845CFEBA1EA3F99E00DC0A50 /* Frameworks */,
				845CFEBB1EA3F99E00DC0A50 /* Resources */,
			);
			buildRules = (
			);
			dependencies = (
				845CFEBF1EA3F99E00DC0A50 /* PBXTargetDependency */,
			);
			name = ORBTTests;
			productName = ORBTTests;
			productReference = 845CFEBD1EA3F99E00DC0A50 /* ORBTTests.xctest */;
			productType = "com.apple.product-type.bundle.unit-test";
		};
		845CFEC71EA3F99E00DC0A50 /* ORBTUITests */ = {
			isa = PBXNativeTarget;
			buildConfigurationList = 845CFED71EA3F99E00DC0A50 /* Build configuration list for PBXNativeTarget "ORBTUITests" */;
			buildPhases = (
				845CFEC41EA3F99E00DC0A50 /* Sources */,
				845CFEC51EA3F99E00DC0A50 /* Frameworks */,
				845CFEC61EA3F99E00DC0A50 /* Resources */,
			);
			buildRules = (
			);
			dependencies = (
				845CFECA1EA3F99E00DC0A50 /* PBXTargetDependency */,
			);
			name = ORBTUITests;
			productName = ORBTUITests;
			productReference = 845CFEC81EA3F99E00DC0A50 /* ORBTUITests.xctest */;
			productType = "com.apple.product-type.bundle.ui-testing";
		};
/* End PBXNativeTarget section */

/* Begin PBXProject section */
		845CFE9E1EA3F99E00DC0A50 /* Project object */ = {
			isa = PBXProject;
			attributes = {
				LastSwiftUpdateCheck = 0820;
				LastUpgradeCheck = 0820;
				ORGANIZATIONNAME = "Admin User";
				TargetAttributes = {
					845CFEA51EA3F99E00DC0A50 = {
						CreatedOnToolsVersion = 8.2.1;
						DevelopmentTeam = G2Q69XMMQZ;
						ProvisioningStyle = Manual;
						SystemCapabilities = {
							com.apple.BackgroundModes = {
								enabled = 1;
							};
						};
					};
					845CFEBC1EA3F99E00DC0A50 = {
						CreatedOnToolsVersion = 8.2.1;
						DevelopmentTeam = G2Q69XMMQZ;
						ProvisioningStyle = Automatic;
						TestTargetID = 845CFEA51EA3F99E00DC0A50;
					};
					845CFEC71EA3F99E00DC0A50 = {
						CreatedOnToolsVersion = 8.2.1;
						DevelopmentTeam = G2Q69XMMQZ;
						ProvisioningStyle = Automatic;
						TestTargetID = 845CFEA51EA3F99E00DC0A50;
					};
				};
			};
			buildConfigurationList = 845CFEA11EA3F99E00DC0A50 /* Build configuration list for PBXProject "ORBT" */;
			compatibilityVersion = "Xcode 3.2";
			developmentRegion = English;
			hasScannedForEncodings = 0;
			knownRegions = (
				en,
				Base,
			);
			mainGroup = 845CFE9D1EA3F99E00DC0A50;
			productRefGroup = 845CFEA71EA3F99E00DC0A50 /* Products */;
			projectDirPath = "";
			projectRoot = "";
			targets = (
				845CFEA51EA3F99E00DC0A50 /* ORBT */,
				845CFEBC1EA3F99E00DC0A50 /* ORBTTests */,
				845CFEC71EA3F99E00DC0A50 /* ORBTUITests */,
			);
		};
/* End PBXProject section */

/* Begin PBXResourcesBuildPhase section */
		845CFEA41EA3F99E00DC0A50 /* Resources */ = {
			isa = PBXResourcesBuildPhase;
			buildActionMask = 2147483647;
			files = (
				845CFEB71EA3F99E00DC0A50 /* LaunchScreen.storyboard in Resources */,
				845CFEB41EA3F99E00DC0A50 /* Assets.xcassets in Resources */,
				845CFEAF1EA3F99E00DC0A50 /* Main.storyboard in Resources */,
			);
			runOnlyForDeploymentPostprocessing = 0;
		};
		845CFEBB1EA3F99E00DC0A50 /* Resources */ = {
			isa = PBXResourcesBuildPhase;
			buildActionMask = 2147483647;
			files = (
			);
			runOnlyForDeploymentPostprocessing = 0;
		};
		845CFEC61EA3F99E00DC0A50 /* Resources */ = {
			isa = PBXResourcesBuildPhase;
			buildActionMask = 2147483647;
			files = (
			);
			runOnlyForDeploymentPostprocessing = 0;
		};
/* End PBXResourcesBuildPhase section */

/* Begin PBXShellScriptBuildPhase section */
		513A0FBF1836645A65113155 /* [CP] Embed Pods Frameworks */ = {
			isa = PBXShellScriptBuildPhase;
			buildActionMask = 2147483647;
			files = (
			);
			inputPaths = (
			);
			name = "[CP] Embed Pods Frameworks";
			outputPaths = (
			);
			runOnlyForDeploymentPostprocessing = 0;
			shellPath = /bin/sh;
			shellScript = "\"${SRCROOT}/Pods/Target Support Files/Pods-ORBT/Pods-ORBT-frameworks.sh\"\n";
			showEnvVarsInLog = 0;
		};
		5B5A86C9086474D1760F9D25 /* [CP] Check Pods Manifest.lock */ = {
			isa = PBXShellScriptBuildPhase;
			buildActionMask = 2147483647;
			files = (
			);
			inputPaths = (
			);
			name = "[CP] Check Pods Manifest.lock";
			outputPaths = (
			);
			runOnlyForDeploymentPostprocessing = 0;
			shellPath = /bin/sh;
			shellScript = "diff \"${PODS_PODFILE_DIR_PATH}/Podfile.lock\" \"${PODS_ROOT}/Manifest.lock\" > /dev/null\nif [ $? != 0 ] ; then\n    # print error to STDERR\n    echo \"error: The sandbox is not in sync with the Podfile.lock. Run 'pod install' or update your CocoaPods installation.\" >&2\n    exit 1\nfi\n";
			showEnvVarsInLog = 0;
		};
		B9FB6EA631B6CFE1B7DE2FB1 /* [CP] Copy Pods Resources */ = {
			isa = PBXShellScriptBuildPhase;
			buildActionMask = 2147483647;
			files = (
			);
			inputPaths = (
			);
			name = "[CP] Copy Pods Resources";
			outputPaths = (
			);
			runOnlyForDeploymentPostprocessing = 0;
			shellPath = /bin/sh;
			shellScript = "\"${SRCROOT}/Pods/Target Support Files/Pods-ORBT/Pods-ORBT-resources.sh\"\n";
			showEnvVarsInLog = 0;
		};
/* End PBXShellScriptBuildPhase section */

/* Begin PBXSourcesBuildPhase section */
		845CFEA21EA3F99E00DC0A50 /* Sources */ = {
			isa = PBXSourcesBuildPhase;
			buildActionMask = 2147483647;
			files = (
				84DA7CF11EA572C200938EA9 /* ConnectionManager.swift in Sources */,
				848A3D531EA6577B00007547 /* NewRequestViewController.swift in Sources */,
				843513BC1EA9CA8900887FB0 /* ProgressViewController.swift in Sources */,
				84E2C8791EA9901A00532646 /* NavigationMenuViewController.swift in Sources */,
				845CFEAC1EA3F99E00DC0A50 /* ViewController.swift in Sources */,
				84F895241EA58475006D8B57 /* CustomerSignUpVC.swift in Sources */,
				843513BE1EA9CA9B00887FB0 /* PastViewController.swift in Sources */,
				843513B81EA9CA5700887FB0 /* AvailabilityViewController.swift in Sources */,
				845A47891EABE5E2007CE554 /* JobViewController.swift in Sources */,
				845A478F1EAC441B007CE554 /* RatingViewController.swift in Sources */,
				842555FF1EAA945800C2928D /* CustomerViewController.swift in Sources */,
				845A478B1EABE8CC007CE554 /* LiveJobItem.swift in Sources */,
				845CFEAA1EA3F99E00DC0A50 /* AppDelegate.swift in Sources */,
				84A4B5501EAB26EA00BB12F9 /* SelectProviderViewController.swift in Sources */,
				84A4B5521EAB281600BB12F9 /* ProviderItem.swift in Sources */,
				845CFEDC1EA4123D00DC0A50 /* LandingViewController.swift in Sources */,
				843513B61EA9C6D700887FB0 /* ProviderViewController.swift in Sources */,
				845A478D1EAC420A007CE554 /* RatingControl.swift in Sources */,
				843513BA1EA9CA7200887FB0 /* CategoryViewController.swift in Sources */,
				842556011EAA955900C2928D /* CustomerNavigationMenu.swift in Sources */,
				849728E51EA9F721005F626B /* ServiceItem.swift in Sources */,
				843513C01EA9CAA700887FB0 /* RequestViewController.swift in Sources */,
				845CFEB21EA3F99E00DC0A50 /* ORBT.xcdatamodeld in Sources */,
				842556051EAABA9500C2928D /* LGHorizontalLinearFlowLayout.swift in Sources */,
			);
			runOnlyForDeploymentPostprocessing = 0;
		};
		845CFEB91EA3F99E00DC0A50 /* Sources */ = {
			isa = PBXSourcesBuildPhase;
			buildActionMask = 2147483647;
			files = (
				845CFEC21EA3F99E00DC0A50 /* ORBTTests.swift in Sources */,
			);
			runOnlyForDeploymentPostprocessing = 0;
		};
		845CFEC41EA3F99E00DC0A50 /* Sources */ = {
			isa = PBXSourcesBuildPhase;
			buildActionMask = 2147483647;
			files = (
				845CFECD1EA3F99E00DC0A50 /* ORBTUITests.swift in Sources */,
			);
			runOnlyForDeploymentPostprocessing = 0;
		};
/* End PBXSourcesBuildPhase section */

/* Begin PBXTargetDependency section */
		845CFEBF1EA3F99E00DC0A50 /* PBXTargetDependency */ = {
			isa = PBXTargetDependency;
			target = 845CFEA51EA3F99E00DC0A50 /* ORBT */;
			targetProxy = 845CFEBE1EA3F99E00DC0A50 /* PBXContainerItemProxy */;
		};
		845CFECA1EA3F99E00DC0A50 /* PBXTargetDependency */ = {
			isa = PBXTargetDependency;
			target = 845CFEA51EA3F99E00DC0A50 /* ORBT */;
			targetProxy = 845CFEC91EA3F99E00DC0A50 /* PBXContainerItemProxy */;
		};
/* End PBXTargetDependency section */

/* Begin PBXVariantGroup section */
		845CFEAD1EA3F99E00DC0A50 /* Main.storyboard */ = {
			isa = PBXVariantGroup;
			children = (
				845CFEAE1EA3F99E00DC0A50 /* Base */,
			);
			name = Main.storyboard;
			sourceTree = "<group>";
		};
		845CFEB51EA3F99E00DC0A50 /* LaunchScreen.storyboard */ = {
			isa = PBXVariantGroup;
			children = (
				845CFEB61EA3F99E00DC0A50 /* Base */,
			);
			name = LaunchScreen.storyboard;
			sourceTree = "<group>";
		};
/* End PBXVariantGroup section */

/* Begin XCBuildConfiguration section */
		845CFECF1EA3F99E00DC0A50 /* Debug */ = {
			isa = XCBuildConfiguration;
			buildSettings = {
				ALWAYS_SEARCH_USER_PATHS = NO;
				CLANG_ANALYZER_NONNULL = YES;
				CLANG_CXX_LANGUAGE_STANDARD = "gnu++0x";
				CLANG_CXX_LIBRARY = "libc++";
				CLANG_ENABLE_MODULES = YES;
				CLANG_ENABLE_OBJC_ARC = YES;
				CLANG_WARN_BOOL_CONVERSION = YES;
				CLANG_WARN_CONSTANT_CONVERSION = YES;
				CLANG_WARN_DIRECT_OBJC_ISA_USAGE = YES_ERROR;
				CLANG_WARN_DOCUMENTATION_COMMENTS = YES;
				CLANG_WARN_EMPTY_BODY = YES;
				CLANG_WARN_ENUM_CONVERSION = YES;
				CLANG_WARN_INFINITE_RECURSION = YES;
				CLANG_WARN_INT_CONVERSION = YES;
				CLANG_WARN_OBJC_ROOT_CLASS = YES_ERROR;
				CLANG_WARN_SUSPICIOUS_MOVE = YES;
				CLANG_WARN_UNREACHABLE_CODE = YES;
				CLANG_WARN__DUPLICATE_METHOD_MATCH = YES;
				"CODE_SIGN_IDENTITY[sdk=iphoneos*]" = "iPhone Developer";
				COPY_PHASE_STRIP = NO;
				DEBUG_INFORMATION_FORMAT = dwarf;
				ENABLE_STRICT_OBJC_MSGSEND = YES;
				ENABLE_TESTABILITY = YES;
				GCC_C_LANGUAGE_STANDARD = gnu99;
				GCC_DYNAMIC_NO_PIC = NO;
				GCC_NO_COMMON_BLOCKS = YES;
				GCC_OPTIMIZATION_LEVEL = 0;
				GCC_PREPROCESSOR_DEFINITIONS = (
					"DEBUG=1",
					"$(inherited)",
				);
				GCC_WARN_64_TO_32_BIT_CONVERSION = YES;
				GCC_WARN_ABOUT_RETURN_TYPE = YES_ERROR;
				GCC_WARN_UNDECLARED_SELECTOR = YES;
				GCC_WARN_UNINITIALIZED_AUTOS = YES_AGGRESSIVE;
				GCC_WARN_UNUSED_FUNCTION = YES;
				GCC_WARN_UNUSED_VARIABLE = YES;
				IPHONEOS_DEPLOYMENT_TARGET = 10.2;
				MTL_ENABLE_DEBUG_INFO = YES;
				ONLY_ACTIVE_ARCH = YES;
				SDKROOT = iphoneos;
				SWIFT_ACTIVE_COMPILATION_CONDITIONS = DEBUG;
				SWIFT_OPTIMIZATION_LEVEL = "-Onone";
				TARGETED_DEVICE_FAMILY = "1,2";
			};
			name = Debug;
		};
		845CFED01EA3F99E00DC0A50 /* Release */ = {
			isa = XCBuildConfiguration;
			buildSettings = {
				ALWAYS_SEARCH_USER_PATHS = NO;
				CLANG_ANALYZER_NONNULL = YES;
				CLANG_CXX_LANGUAGE_STANDARD = "gnu++0x";
				CLANG_CXX_LIBRARY = "libc++";
				CLANG_ENABLE_MODULES = YES;
				CLANG_ENABLE_OBJC_ARC = YES;
				CLANG_WARN_BOOL_CONVERSION = YES;
				CLANG_WARN_CONSTANT_CONVERSION = YES;
				CLANG_WARN_DIRECT_OBJC_ISA_USAGE = YES_ERROR;
				CLANG_WARN_DOCUMENTATION_COMMENTS = YES;
				CLANG_WARN_EMPTY_BODY = YES;
				CLANG_WARN_ENUM_CONVERSION = YES;
				CLANG_WARN_INFINITE_RECURSION = YES;
				CLANG_WARN_INT_CONVERSION = YES;
				CLANG_WARN_OBJC_ROOT_CLASS = YES_ERROR;
				CLANG_WARN_SUSPICIOUS_MOVE = YES;
				CLANG_WARN_UNREACHABLE_CODE = YES;
				CLANG_WARN__DUPLICATE_METHOD_MATCH = YES;
				"CODE_SIGN_IDENTITY[sdk=iphoneos*]" = "iPhone Developer";
				COPY_PHASE_STRIP = NO;
				DEBUG_INFORMATION_FORMAT = "dwarf-with-dsym";
				ENABLE_NS_ASSERTIONS = NO;
				ENABLE_STRICT_OBJC_MSGSEND = YES;
				GCC_C_LANGUAGE_STANDARD = gnu99;
				GCC_NO_COMMON_BLOCKS = YES;
				GCC_WARN_64_TO_32_BIT_CONVERSION = YES;
				GCC_WARN_ABOUT_RETURN_TYPE = YES_ERROR;
				GCC_WARN_UNDECLARED_SELECTOR = YES;
				GCC_WARN_UNINITIALIZED_AUTOS = YES_AGGRESSIVE;
				GCC_WARN_UNUSED_FUNCTION = YES;
				GCC_WARN_UNUSED_VARIABLE = YES;
				IPHONEOS_DEPLOYMENT_TARGET = 10.2;
				MTL_ENABLE_DEBUG_INFO = NO;
				SDKROOT = iphoneos;
				SWIFT_OPTIMIZATION_LEVEL = "-Owholemodule";
				TARGETED_DEVICE_FAMILY = "1,2";
				VALIDATE_PRODUCT = YES;
			};
			name = Release;
		};
		845CFED21EA3F99E00DC0A50 /* Debug */ = {
			isa = XCBuildConfiguration;
			baseConfigurationReference = EB3F55D19BC63EA16416568D /* Pods-ORBT.debug.xcconfig */;
			buildSettings = {
				ASSETCATALOG_COMPILER_APPICON_NAME = AppIcon;
				"CODE_SIGN_IDENTITY[sdk=iphoneos*]" = "iPhone Developer";
				DEVELOPMENT_TEAM = G2Q69XMMQZ;
				INFOPLIST_FILE = ORBT/Info.plist;
				LD_RUNPATH_SEARCH_PATHS = "$(inherited) @executable_path/Frameworks";
				PRODUCT_BUNDLE_IDENTIFIER = com.service.ORBT;
				PRODUCT_NAME = "$(TARGET_NAME)";
				PROVISIONING_PROFILE = "f1e01675-81ed-45c1-9cfa-cb302040b021";
				PROVISIONING_PROFILE_SPECIFIER = new_profile_4_16;
				SWIFT_VERSION = 3.0;
			};
			name = Debug;
		};
		845CFED31EA3F99E00DC0A50 /* Release */ = {
			isa = XCBuildConfiguration;
			baseConfigurationReference = 115F024A826FE43EB5E4A37A /* Pods-ORBT.release.xcconfig */;
			buildSettings = {
				ASSETCATALOG_COMPILER_APPICON_NAME = AppIcon;
				"CODE_SIGN_IDENTITY[sdk=iphoneos*]" = "iPhone Developer";
				DEVELOPMENT_TEAM = "";
				INFOPLIST_FILE = ORBT/Info.plist;
				LD_RUNPATH_SEARCH_PATHS = "$(inherited) @executable_path/Frameworks";
				PRODUCT_BUNDLE_IDENTIFIER = com.service.ORBT;
				PRODUCT_NAME = "$(TARGET_NAME)";
				SWIFT_VERSION = 3.0;
			};
			name = Release;
		};
		845CFED51EA3F99E00DC0A50 /* Debug */ = {
			isa = XCBuildConfiguration;
			buildSettings = {
				ALWAYS_EMBED_SWIFT_STANDARD_LIBRARIES = YES;
				BUNDLE_LOADER = "$(TEST_HOST)";
				DEVELOPMENT_TEAM = G2Q69XMMQZ;
				INFOPLIST_FILE = ORBTTests/Info.plist;
				LD_RUNPATH_SEARCH_PATHS = "$(inherited) @executable_path/Frameworks @loader_path/Frameworks";
				PRODUCT_BUNDLE_IDENTIFIER = com.service.ORBTTests;
				PRODUCT_NAME = "$(TARGET_NAME)";
				SWIFT_VERSION = 3.0;
				TEST_HOST = "$(BUILT_PRODUCTS_DIR)/ORBT.app/ORBT";
			};
			name = Debug;
		};
		845CFED61EA3F99E00DC0A50 /* Release */ = {
			isa = XCBuildConfiguration;
			buildSettings = {
				ALWAYS_EMBED_SWIFT_STANDARD_LIBRARIES = YES;
				BUNDLE_LOADER = "$(TEST_HOST)";
				DEVELOPMENT_TEAM = G2Q69XMMQZ;
				INFOPLIST_FILE = ORBTTests/Info.plist;
				LD_RUNPATH_SEARCH_PATHS = "$(inherited) @executable_path/Frameworks @loader_path/Frameworks";
				PRODUCT_BUNDLE_IDENTIFIER = com.service.ORBTTests;
				PRODUCT_NAME = "$(TARGET_NAME)";
				SWIFT_VERSION = 3.0;
				TEST_HOST = "$(BUILT_PRODUCTS_DIR)/ORBT.app/ORBT";
			};
			name = Release;
		};
		845CFED81EA3F99E00DC0A50 /* Debug */ = {
			isa = XCBuildConfiguration;
			buildSettings = {
				ALWAYS_EMBED_SWIFT_STANDARD_LIBRARIES = YES;
				DEVELOPMENT_TEAM = G2Q69XMMQZ;
				INFOPLIST_FILE = ORBTUITests/Info.plist;
				LD_RUNPATH_SEARCH_PATHS = "$(inherited) @executable_path/Frameworks @loader_path/Frameworks";
				PRODUCT_BUNDLE_IDENTIFIER = com.service.ORBTUITests;
				PRODUCT_NAME = "$(TARGET_NAME)";
				SWIFT_VERSION = 3.0;
				TEST_TARGET_NAME = ORBT;
			};
			name = Debug;
		};
		845CFED91EA3F99E00DC0A50 /* Release */ = {
			isa = XCBuildConfiguration;
			buildSettings = {
				ALWAYS_EMBED_SWIFT_STANDARD_LIBRARIES = YES;
				DEVELOPMENT_TEAM = G2Q69XMMQZ;
				INFOPLIST_FILE = ORBTUITests/Info.plist;
				LD_RUNPATH_SEARCH_PATHS = "$(inherited) @executable_path/Frameworks @loader_path/Frameworks";
				PRODUCT_BUNDLE_IDENTIFIER = com.service.ORBTUITests;
				PRODUCT_NAME = "$(TARGET_NAME)";
				SWIFT_VERSION = 3.0;
				TEST_TARGET_NAME = ORBT;
			};
			name = Release;
		};
/* End XCBuildConfiguration section */

/* Begin XCConfigurationList section */
		845CFEA11EA3F99E00DC0A50 /* Build configuration list for PBXProject "ORBT" */ = {
			isa = XCConfigurationList;
			buildConfigurations = (
				845CFECF1EA3F99E00DC0A50 /* Debug */,
				845CFED01EA3F99E00DC0A50 /* Release */,
			);
			defaultConfigurationIsVisible = 0;
			defaultConfigurationName = Release;
		};
		845CFED11EA3F99E00DC0A50 /* Build configuration list for PBXNativeTarget "ORBT" */ = {
			isa = XCConfigurationList;
			buildConfigurations = (
				845CFED21EA3F99E00DC0A50 /* Debug */,
				845CFED31EA3F99E00DC0A50 /* Release */,
			);
			defaultConfigurationIsVisible = 0;
			defaultConfigurationName = Release;
		};
		845CFED41EA3F99E00DC0A50 /* Build configuration list for PBXNativeTarget "ORBTTests" */ = {
			isa = XCConfigurationList;
			buildConfigurations = (
				845CFED51EA3F99E00DC0A50 /* Debug */,
				845CFED61EA3F99E00DC0A50 /* Release */,
			);
			defaultConfigurationIsVisible = 0;
			defaultConfigurationName = Release;
		};
		845CFED71EA3F99E00DC0A50 /* Build configuration list for PBXNativeTarget "ORBTUITests" */ = {
			isa = XCConfigurationList;
			buildConfigurations = (
				845CFED81EA3F99E00DC0A50 /* Debug */,
				845CFED91EA3F99E00DC0A50 /* Release */,
			);
			defaultConfigurationIsVisible = 0;
			defaultConfigurationName = Release;
		};
/* End XCConfigurationList section */

/* Begin XCVersionGroup section */
		845CFEB01EA3F99E00DC0A50 /* ORBT.xcdatamodeld */ = {
			isa = XCVersionGroup;
			children = (
				845CFEB11EA3F99E00DC0A50 /* ORBT.xcdatamodel */,
			);
			currentVersion = 845CFEB11EA3F99E00DC0A50 /* ORBT.xcdatamodel */;
			path = ORBT.xcdatamodeld;
			sourceTree = "<group>";
			versionGroupType = wrapper.xcdatamodel;
		};
/* End XCVersionGroup section */
	};
	rootObject = 845CFE9E1EA3F99E00DC0A50 /* Project object */;
}
